
Microsoft Visual Studio Solution File, Format Version 12.00
# Visual Studio 15
VisualStudioVersion = 15.0.26621.2
MinimumVisualStudioVersion = 10.0.40219.1
Project("{2150E333-8FDC-42A3-9474-1A3956D46DE8}") = "src", "src", "{EF7A9C6C-C6A0-44F5-AEC3-54A23D4BA19D}"
EndProject
Project("{2150E333-8FDC-42A3-9474-1A3956D46DE8}") = "Solution Items", "Solution Items", "{366EE353-1EDF-4A1F-8C97-6FEC73B3CD70}"
	ProjectSection(SolutionItems) = preProject
		NuGet.Config = NuGet.Config
		README.md = README.md
	EndProjectSection
EndProject
Project("{9A19103F-16F7-4668-BE54-9A1E7A4F7556}") = "PartyWifi.Server", "src\PartyWifi.Server\PartyWifi.Server.csproj", "{E3E505AA-3E00-4CAB-924A-EB6FCF9096F9}"
EndProject
Global
	GlobalSection(SolutionConfigurationPlatforms) = preSolution
		Debug|Any CPU = Debug|Any CPU
		Release|Any CPU = Release|Any CPU
	EndGlobalSection
	GlobalSection(ProjectConfigurationPlatforms) = postSolution
		{E3E505AA-3E00-4CAB-924A-EB6FCF9096F9}.Debug|Any CPU.ActiveCfg = Debug|Any CPU
		{E3E505AA-3E00-4CAB-924A-EB6FCF9096F9}.Debug|Any CPU.Build.0 = Debug|Any CPU
		{E3E505AA-3E00-4CAB-924A-EB6FCF9096F9}.Release|Any CPU.ActiveCfg = Release|Any CPU
		{E3E505AA-3E00-4CAB-924A-EB6FCF9096F9}.Release|Any CPU.Build.0 = Release|Any CPU
	EndGlobalSection
	GlobalSection(SolutionProperties) = preSolution
		HideSolutionNode = FALSE
	EndGlobalSection
	GlobalSection(NestedProjects) = preSolution
		{E3E505AA-3E00-4CAB-924A-EB6FCF9096F9} = {EF7A9C6C-C6A0-44F5-AEC3-54A23D4BA19D}
	EndGlobalSection
	GlobalSection(ExtensibilityGlobals) = postSolution
		SolutionGuid = {2980EE54-1946-4E0B-8119-B34B25F868CC}
	EndGlobalSection
EndGlobal
