
Microsoft Visual Studio Solution File, Format Version 12.00
# Visual Studio 14
VisualStudioVersion = 14.0.25420.1
MinimumVisualStudioVersion = 10.0.40219.1
Project("{2150E333-8FDC-42A3-9474-1A3956D46DE8}") = "src", "src", "{EF7A9C6C-C6A0-44F5-AEC3-54A23D4BA19D}"
EndProject
Project("{2150E333-8FDC-42A3-9474-1A3956D46DE8}") = "Solution Items", "Solution Items", "{366EE353-1EDF-4A1F-8C97-6FEC73B3CD70}"
	ProjectSection(SolutionItems) = preProject
		global.json = global.json
	EndProjectSection
EndProject
Project("{8BB2217D-0F2D-49D1-97BC-3654ED321F3B}") = "WeFiBox.Web", "src\WeFiBox.Web\WeFiBox.Web.xproj", "{E3E505AA-3E00-4CAB-924A-EB6FCF9096F9}"
EndProject
Global
	GlobalSection(SolutionConfigurationPlatforms) = preSolution
		Debug|Any CPU = Debug|Any CPU
		Release|Any CPU = Release|Any CPU
	EndGlobalSection
	GlobalSection(ProjectConfigurationPlatforms) = postSolution
		{E3E505AA-3E00-4CAB-924A-EB6FCF9096F9}.Debug|Any CPU.ActiveCfg = Debug|Any CPU
		{E3E505AA-3E00-4CAB-924A-EB6FCF9096F9}.Debug|Any CPU.Build.0 = Debug|Any CPU
		{E3E505AA-3E00-4CAB-924A-EB6FCF9096F9}.Release|Any CPU.ActiveCfg = Release|Any CPU
		{E3E505AA-3E00-4CAB-924A-EB6FCF9096F9}.Release|Any CPU.Build.0 = Release|Any CPU
	EndGlobalSection
	GlobalSection(SolutionProperties) = preSolution
		HideSolutionNode = FALSE
	EndGlobalSection
	GlobalSection(NestedProjects) = preSolution
		{E3E505AA-3E00-4CAB-924A-EB6FCF9096F9} = {EF7A9C6C-C6A0-44F5-AEC3-54A23D4BA19D}
	EndGlobalSection
EndGlobal
